// !$*UTF8*$!
{
	archiveVersion = 1;
	classes = {
	};
	objectVersion = 77;
	objects = {

/* Begin PBXContainerItemProxy section */
		468C00392ED63F88008DCBC6 /* PBXContainerItemProxy */ = {
			isa = PBXContainerItemProxy;
			containerPortal = 468C00232ED63F87008DCBC6 /* Project object */;
			proxyType = 1;
			remoteGlobalIDString = 468C002A2ED63F87008DCBC6;
			remoteInfo = RealTimePriceTracker;
		};
		468C00432ED63F88008DCBC6 /* PBXContainerItemProxy */ = {
			isa = PBXContainerItemProxy;
			containerPortal = 468C00232ED63F87008DCBC6 /* Project object */;
			proxyType = 1;
			remoteGlobalIDString = 468C002A2ED63F87008DCBC6;
			remoteInfo = RealTimePriceTracker;
		};
/* End PBXContainerItemProxy section */

/* Begin PBXFileReference section */
		468C002B2ED63F87008DCBC6 /* RealTimePriceTracker.app */ = {isa = PBXFileReference; explicitFileType = wrapper.application; includeInIndex = 0; path = RealTimePriceTracker.app; sourceTree = BUILT_PRODUCTS_DIR; };
		468C00382ED63F88008DCBC6 /* RealTimePriceTrackerTests.xctest */ = {isa = PBXFileReference; explicitFileType = wrapper.cfbundle; includeInIndex = 0; path = RealTimePriceTrackerTests.xctest; sourceTree = BUILT_PRODUCTS_DIR; };
		468C00422ED63F88008DCBC6 /* RealTimePriceTrackerUITests.xctest */ = {isa = PBXFileReference; explicitFileType = wrapper.cfbundle; includeInIndex = 0; path = RealTimePriceTrackerUITests.xctest; sourceTree = BUILT_PRODUCTS_DIR; };
/* End PBXFileReference section */

/* Begin PBXFileSystemSynchronizedBuildFileExceptionSet section */
		468C016A2ED79E5D008DCBC6 /* Exceptions for "RealTimePriceTracker" folder in "RealTimePriceTracker" target */ = {
			isa = PBXFileSystemSynchronizedBuildFileExceptionSet;
			membershipExceptions = (
				Info.plist,
			);
			target = 468C002A2ED63F87008DCBC6 /* RealTimePriceTracker */;
		};
/* End PBXFileSystemSynchronizedBuildFileExceptionSet section */

/* Begin PBXFileSystemSynchronizedRootGroup section */
		468C002D2ED63F87008DCBC6 /* RealTimePriceTracker */ = {
			isa = PBXFileSystemSynchronizedRootGroup;
			exceptions = (
				468C016A2ED79E5D008DCBC6 /* Exceptions for "RealTimePriceTracker" folder in "RealTimePriceTracker" target */,
			);
			path = RealTimePriceTracker;
			sourceTree = "<group>";
		};
		468C003B2ED63F88008DCBC6 /* RealTimePriceTrackerTests */ = {
			isa = PBXFileSystemSynchronizedRootGroup;
			path = RealTimePriceTrackerTests;
			sourceTree = "<group>";
		};
		468C00452ED63F88008DCBC6 /* RealTimePriceTrackerUITests */ = {
			isa = PBXFileSystemSynchronizedRootGroup;
			path = RealTimePriceTrackerUITests;
			sourceTree = "<group>";
		};
/* End PBXFileSystemSynchronizedRootGroup section */

/* Begin PBXFrameworksBuildPhase section */
		468C00282ED63F87008DCBC6 /* Frameworks */ = {
			isa = PBXFrameworksBuildPhase;
			buildActionMask = 2147483647;
			files = (
			);
			runOnlyForDeploymentPostprocessing = 0;
		};
		468C00352ED63F88008DCBC6 /* Frameworks */ = {
			isa = PBXFrameworksBuildPhase;
			buildActionMask = 2147483647;
			files = (
			);
			runOnlyForDeploymentPostprocessing = 0;
		};
		468C003F2ED63F88008DCBC6 /* Frameworks */ = {
			isa = PBXFrameworksBuildPhase;
			buildActionMask = 2147483647;
			files = (
			);
			runOnlyForDeploymentPostprocessing = 0;
		};
/* End PBXFrameworksBuildPhase section */

/* Begin PBXGroup section */
		468C00222ED63F87008DCBC6 = {
			isa = PBXGroup;
			children = (
				468C002D2ED63F87008DCBC6 /* RealTimePriceTracker */,
				468C003B2ED63F88008DCBC6 /* RealTimePriceTrackerTests */,
				468C00452ED63F88008DCBC6 /* RealTimePriceTrackerUITests */,
				468C002C2ED63F87008DCBC6 /* Products */,
			);
			sourceTree = "<group>";
		};
		468C002C2ED63F87008DCBC6 /* Products */ = {
			isa = PBXGroup;
			children = (
				468C002B2ED63F87008DCBC6 /* RealTimePriceTracker.app */,
				468C00382ED63F88008DCBC6 /* RealTimePriceTrackerTests.xctest */,
				468C00422ED63F88008DCBC6 /* RealTimePriceTrackerUITests.xctest */,
			);
			name = Products;
			sourceTree = "<group>";
		};
/* End PBXGroup section */

/* Begin PBXNativeTarget section */
		468C002A2ED63F87008DCBC6 /* RealTimePriceTracker */ = {
			isa = PBXNativeTarget;
			buildConfigurationList = 468C004C2ED63F88008DCBC6 /* Build configuration list for PBXNativeTarget "RealTimePriceTracker" */;
			buildPhases = (
				468C00272ED63F87008DCBC6 /* Sources */,
				468C00282ED63F87008DCBC6 /* Frameworks */,
				468C00292ED63F87008DCBC6 /* Resources */,
			);
			buildRules = (
			);
			dependencies = (
			);
			fileSystemSynchronizedGroups = (
				468C002D2ED63F87008DCBC6 /* RealTimePriceTracker */,
			);
			name = RealTimePriceTracker;
			packageProductDependencies = (
			);
			productName = RealTimePriceTracker;
			productReference = 468C002B2ED63F87008DCBC6 /* RealTimePriceTracker.app */;
			productType = "com.apple.product-type.application";
		};
		468C00372ED63F88008DCBC6 /* RealTimePriceTrackerTests */ = {
			isa = PBXNativeTarget;
			buildConfigurationList = 468C004F2ED63F88008DCBC6 /* Build configuration list for PBXNativeTarget "RealTimePriceTrackerTests" */;
			buildPhases = (
				468C00342ED63F88008DCBC6 /* Sources */,
				468C00352ED63F88008DCBC6 /* Frameworks */,
				468C00362ED63F88008DCBC6 /* Resources */,
			);
			buildRules = (
			);
			dependencies = (
				468C003A2ED63F88008DCBC6 /* PBXTargetDependency */,
			);
			fileSystemSynchronizedGroups = (
				468C003B2ED63F88008DCBC6 /* RealTimePriceTrackerTests */,
			);
			name = RealTimePriceTrackerTests;
			packageProductDependencies = (
			);
			productName = RealTimePriceTrackerTests;
			productReference = 468C00382ED63F88008DCBC6 /* RealTimePriceTrackerTests.xctest */;
			productType = "com.apple.product-type.bundle.unit-test";
		};
		468C00412ED63F88008DCBC6 /* RealTimePriceTrackerUITests */ = {
			isa = PBXNativeTarget;
			buildConfigurationList = 468C00522ED63F88008DCBC6 /* Build configuration list for PBXNativeTarget "RealTimePriceTrackerUITests" */;
			buildPhases = (
				468C003E2ED63F88008DCBC6 /* Sources */,
				468C003F2ED63F88008DCBC6 /* Frameworks */,
				468C00402ED63F88008DCBC6 /* Resources */,
			);
			buildRules = (
			);
			dependencies = (
				468C00442ED63F88008DCBC6 /* PBXTargetDependency */,
			);
			fileSystemSynchronizedGroups = (
				468C00452ED63F88008DCBC6 /* RealTimePriceTrackerUITests */,
			);
			name = RealTimePriceTrackerUITests;
			packageProductDependencies = (
			);
			productName = RealTimePriceTrackerUITests;
			productReference = 468C00422ED63F88008DCBC6 /* RealTimePriceTrackerUITests.xctest */;
			productType = "com.apple.product-type.bundle.ui-testing";
		};
/* End PBXNativeTarget section */

/* Begin PBXProject section */
		468C00232ED63F87008DCBC6 /* Project object */ = {
			isa = PBXProject;
			attributes = {
				BuildIndependentTargetsInParallel = 1;
				LastSwiftUpdateCheck = 1640;
				LastUpgradeCheck = 1640;
				TargetAttributes = {
					468C002A2ED63F87008DCBC6 = {
						CreatedOnToolsVersion = 16.4;
					};
					468C00372ED63F88008DCBC6 = {
						CreatedOnToolsVersion = 16.4;
						TestTargetID = 468C002A2ED63F87008DCBC6;
					};
					468C00412ED63F88008DCBC6 = {
						CreatedOnToolsVersion = 16.4;
						TestTargetID = 468C002A2ED63F87008DCBC6;
					};
				};
			};
			buildConfigurationList = 468C00262ED63F87008DCBC6 /* Build configuration list for PBXProject "RealTimePriceTracker" */;
			developmentRegion = en;
			hasScannedForEncodings = 0;
			knownRegions = (
				en,
				Base,
			);
			mainGroup = 468C00222ED63F87008DCBC6;
			minimizedProjectReferenceProxies = 1;
			preferredProjectObjectVersion = 77;
			productRefGroup = 468C002C2ED63F87008DCBC6 /* Products */;
			projectDirPath = "";
			projectRoot = "";
			targets = (
				468C002A2ED63F87008DCBC6 /* RealTimePriceTracker */,
				468C00372ED63F88008DCBC6 /* RealTimePriceTrackerTests */,
				468C00412ED63F88008DCBC6 /* RealTimePriceTrackerUITests */,
			);
		};
/* End PBXProject section */

/* Begin PBXResourcesBuildPhase section */
		468C00292ED63F87008DCBC6 /* Resources */ = {
			isa = PBXResourcesBuildPhase;
			buildActionMask = 2147483647;
			files = (
			);
			runOnlyForDeploymentPostprocessing = 0;
		};
		468C00362ED63F88008DCBC6 /* Resources */ = {
			isa = PBXResourcesBuildPhase;
			buildActionMask = 2147483647;
			files = (
			);
			runOnlyForDeploymentPostprocessing = 0;
		};
		468C00402ED63F88008DCBC6 /* Resources */ = {
			isa = PBXResourcesBuildPhase;
			buildActionMask = 2147483647;
			files = (
			);
			runOnlyForDeploymentPostprocessing = 0;
		};
/* End PBXResourcesBuildPhase section */

/* Begin PBXSourcesBuildPhase section */
		468C00272ED63F87008DCBC6 /* Sources */ = {
			isa = PBXSourcesBuildPhase;
			buildActionMask = 2147483647;
			files = (
			);
			runOnlyForDeploymentPostprocessing = 0;
		};
		468C00342ED63F88008DCBC6 /* Sources */ = {
			isa = PBXSourcesBuildPhase;
			buildActionMask = 2147483647;
			files = (
			);
			runOnlyForDeploymentPostprocessing = 0;
		};
		468C003E2ED63F88008DCBC6 /* Sources */ = {
			isa = PBXSourcesBuildPhase;
			buildActionMask = 2147483647;
			files = (
			);
			runOnlyForDeploymentPostprocessing = 0;
		};
/* End PBXSourcesBuildPhase section */

/* Begin PBXTargetDependency section */
		468C003A2ED63F88008DCBC6 /* PBXTargetDependency */ = {
			isa = PBXTargetDependency;
			target = 468C002A2ED63F87008DCBC6 /* RealTimePriceTracker */;
			targetProxy = 468C00392ED63F88008DCBC6 /* PBXContainerItemProxy */;
		};
		468C00442ED63F88008DCBC6 /* PBXTargetDependency */ = {
			isa = PBXTargetDependency;
			target = 468C002A2ED63F87008DCBC6 /* RealTimePriceTracker */;
			targetProxy = 468C00432ED63F88008DCBC6 /* PBXContainerItemProxy */;
		};
/* End PBXTargetDependency section */

/* Begin XCBuildConfiguration section */
		468C004A2ED63F88008DCBC6 /* Debug */ = {
			isa = XCBuildConfiguration;
			buildSettings = {
				ALWAYS_SEARCH_USER_PATHS = NO;
				ASSETCATALOG_COMPILER_GENERATE_SWIFT_ASSET_SYMBOL_EXTENSIONS = YES;
				CLANG_ANALYZER_NONNULL = YES;
				CLANG_ANALYZER_NUMBER_OBJECT_CONVERSION = YES_AGGRESSIVE;
				CLANG_CXX_LANGUAGE_STANDARD = "gnu++20";
				CLANG_ENABLE_MODULES = YES;
				CLANG_ENABLE_OBJC_ARC = YES;
				CLANG_ENABLE_OBJC_WEAK = YES;
				CLANG_WARN_BLOCK_CAPTURE_AUTORELEASING = YES;
				CLANG_WARN_BOOL_CONVERSION = YES;
				CLANG_WARN_COMMA = YES;
				CLANG_WARN_CONSTANT_CONVERSION = YES;
				CLANG_WARN_DEPRECATED_OBJC_IMPLEMENTATIONS = YES;
				CLANG_WARN_DIRECT_OBJC_ISA_USAGE = YES_ERROR;
				CLANG_WARN_DOCUMENTATION_COMMENTS = YES;
				CLANG_WARN_EMPTY_BODY = YES;
				CLANG_WARN_ENUM_CONVERSION = YES;
				CLANG_WARN_INFINITE_RECURSION = YES;
				CLANG_WARN_INT_CONVERSION = YES;
				CLANG_WARN_NON_LITERAL_NULL_CONVERSION = YES;
				CLANG_WARN_OBJC_IMPLICIT_RETAIN_SELF = YES;
				CLANG_WARN_OBJC_LITERAL_CONVERSION = YES;
				CLANG_WARN_OBJC_ROOT_CLASS = YES_ERROR;
				CLANG_WARN_QUOTED_INCLUDE_IN_FRAMEWORK_HEADER = YES;
				CLANG_WARN_RANGE_LOOP_ANALYSIS = YES;
				CLANG_WARN_STRICT_PROTOTYPES = YES;
				CLANG_WARN_SUSPICIOUS_MOVE = YES;
				CLANG_WARN_UNGUARDED_AVAILABILITY = YES_AGGRESSIVE;
				CLANG_WARN_UNREACHABLE_CODE = YES;
				CLANG_WARN__DUPLICATE_METHOD_MATCH = YES;
				COPY_PHASE_STRIP = NO;
				DEBUG_INFORMATION_FORMAT = dwarf;
				ENABLE_STRICT_OBJC_MSGSEND = YES;
				ENABLE_TESTABILITY = YES;
				ENABLE_USER_SCRIPT_SANDBOXING = YES;
				GCC_C_LANGUAGE_STANDARD = gnu17;
				GCC_DYNAMIC_NO_PIC = NO;
				GCC_NO_COMMON_BLOCKS = YES;
				GCC_OPTIMIZATION_LEVEL = 0;
				GCC_PREPROCESSOR_DEFINITIONS = (
					"DEBUG=1",
					"$(inherited)",
				);
				GCC_WARN_64_TO_32_BIT_CONVERSION = YES;
				GCC_WARN_ABOUT_RETURN_TYPE = YES_ERROR;
				GCC_WARN_UNDECLARED_SELECTOR = YES;
				GCC_WARN_UNINITIALIZED_AUTOS = YES_AGGRESSIVE;
				GCC_WARN_UNUSED_FUNCTION = YES;
				GCC_WARN_UNUSED_VARIABLE = YES;
				IPHONEOS_DEPLOYMENT_TARGET = 18.5;
				LOCALIZATION_PREFERS_STRING_CATALOGS = YES;
				MTL_ENABLE_DEBUG_INFO = INCLUDE_SOURCE;
				MTL_FAST_MATH = YES;
				ONLY_ACTIVE_ARCH = YES;
				SDKROOT = iphoneos;
				SWIFT_ACTIVE_COMPILATION_CONDITIONS = "DEBUG $(inherited)";
				SWIFT_OPTIMIZATION_LEVEL = "-Onone";
			};
			name = Debug;
		};
		468C004B2ED63F88008DCBC6 /* Release */ = {
			isa = XCBuildConfiguration;
			buildSettings = {
				ALWAYS_SEARCH_USER_PATHS = NO;
				ASSETCATALOG_COMPILER_GENERATE_SWIFT_ASSET_SYMBOL_EXTENSIONS = YES;
				CLANG_ANALYZER_NONNULL = YES;
				CLANG_ANALYZER_NUMBER_OBJECT_CONVERSION = YES_AGGRESSIVE;
				CLANG_CXX_LANGUAGE_STANDARD = "gnu++20";
				CLANG_ENABLE_MODULES = YES;
				CLANG_ENABLE_OBJC_ARC = YES;
				CLANG_ENABLE_OBJC_WEAK = YES;
				CLANG_WARN_BLOCK_CAPTURE_AUTORELEASING = YES;
				CLANG_WARN_BOOL_CONVERSION = YES;
				CLANG_WARN_COMMA = YES;
				CLANG_WARN_CONSTANT_CONVERSION = YES;
				CLANG_WARN_DEPRECATED_OBJC_IMPLEMENTATIONS = YES;
				CLANG_WARN_DIRECT_OBJC_ISA_USAGE = YES_ERROR;
				CLANG_WARN_DOCUMENTATION_COMMENTS = YES;
				CLANG_WARN_EMPTY_BODY = YES;
				CLANG_WARN_ENUM_CONVERSION = YES;
				CLANG_WARN_INFINITE_RECURSION = YES;
				CLANG_WARN_INT_CONVERSION = YES;
				CLANG_WARN_NON_LITERAL_NULL_CONVERSION = YES;
				CLANG_WARN_OBJC_IMPLICIT_RETAIN_SELF = YES;
				CLANG_WARN_OBJC_LITERAL_CONVERSION = YES;
				CLANG_WARN_OBJC_ROOT_CLASS = YES_ERROR;
				CLANG_WARN_QUOTED_INCLUDE_IN_FRAMEWORK_HEADER = YES;
				CLANG_WARN_RANGE_LOOP_ANALYSIS = YES;
				CLANG_WARN_STRICT_PROTOTYPES = YES;
				CLANG_WARN_SUSPICIOUS_MOVE = YES;
				CLANG_WARN_UNGUARDED_AVAILABILITY = YES_AGGRESSIVE;
				CLANG_WARN_UNREACHABLE_CODE = YES;
				CLANG_WARN__DUPLICATE_METHOD_MATCH = YES;
				COPY_PHASE_STRIP = NO;
				DEBUG_INFORMATION_FORMAT = "dwarf-with-dsym";
				ENABLE_NS_ASSERTIONS = NO;
				ENABLE_STRICT_OBJC_MSGSEND = YES;
				ENABLE_USER_SCRIPT_SANDBOXING = YES;
				GCC_C_LANGUAGE_STANDARD = gnu17;
				GCC_NO_COMMON_BLOCKS = YES;
				GCC_WARN_64_TO_32_BIT_CONVERSION = YES;
				GCC_WARN_ABOUT_RETURN_TYPE = YES_ERROR;
				GCC_WARN_UNDECLARED_SELECTOR = YES;
				GCC_WARN_UNINITIALIZED_AUTOS = YES_AGGRESSIVE;
				GCC_WARN_UNUSED_FUNCTION = YES;
				GCC_WARN_UNUSED_VARIABLE = YES;
				IPHONEOS_DEPLOYMENT_TARGET = 18.5;
				LOCALIZATION_PREFERS_STRING_CATALOGS = YES;
				MTL_ENABLE_DEBUG_INFO = NO;
				MTL_FAST_MATH = YES;
				SDKROOT = iphoneos;
				SWIFT_COMPILATION_MODE = wholemodule;
				VALIDATE_PRODUCT = YES;
			};
			name = Release;
		};
		468C004D2ED63F88008DCBC6 /* Debug */ = {
			isa = XCBuildConfiguration;
			buildSettings = {
				ASSETCATALOG_COMPILER_APPICON_NAME = AppIcon;
				ASSETCATALOG_COMPILER_GLOBAL_ACCENT_COLOR_NAME = AccentColor;
				CODE_SIGN_STYLE = Automatic;
				CURRENT_PROJECT_VERSION = 1;
				ENABLE_PREVIEWS = YES;
				GENERATE_INFOPLIST_FILE = YES;
				INFOPLIST_FILE = RealTimePriceTracker/Info.plist;
				INFOPLIST_KEY_UIApplicationSceneManifest_Generation = YES;
				INFOPLIST_KEY_UIApplicationSupportsIndirectInputEvents = YES;
				INFOPLIST_KEY_UILaunchScreen_Generation = YES;
				INFOPLIST_KEY_UISupportedInterfaceOrientations_iPad = "UIInterfaceOrientationPortrait UIInterfaceOrientationPortraitUpsideDown UIInterfaceOrientationLandscapeLeft UIInterfaceOrientationLandscapeRight";
				INFOPLIST_KEY_UISupportedInterfaceOrientations_iPhone = "UIInterfaceOrientationPortrait UIInterfaceOrientationLandscapeLeft UIInterfaceOrientationLandscapeRight";
				LD_RUNPATH_SEARCH_PATHS = (
					"$(inherited)",
					"@executable_path/Frameworks",
				);
				MARKETING_VERSION = 1.0;
				PRODUCT_BUNDLE_IDENTIFIER = com.assignment.RealTimePriceTracker;
				PRODUCT_NAME = "$(TARGET_NAME)";
				SWIFT_EMIT_LOC_STRINGS = YES;
				SWIFT_VERSION = 5.0;
				TARGETED_DEVICE_FAMILY = "1,2";
			};
			name = Debug;
		};
		468C004E2ED63F88008DCBC6 /* Release */ = {
			isa = XCBuildConfiguration;
			buildSettings = {
				ASSETCATALOG_COMPILER_APPICON_NAME = AppIcon;
				ASSETCATALOG_COMPILER_GLOBAL_ACCENT_COLOR_NAME = AccentColor;
				CODE_SIGN_STYLE = Automatic;
				CURRENT_PROJECT_VERSION = 1;
				ENABLE_PREVIEWS = YES;
				GENERATE_INFOPLIST_FILE = YES;
				INFOPLIST_FILE = RealTimePriceTracker/Info.plist;
				INFOPLIST_KEY_UIApplicationSceneManifest_Generation = YES;
				INFOPLIST_KEY_UIApplicationSupportsIndirectInputEvents = YES;
				INFOPLIST_KEY_UILaunchScreen_Generation = YES;
				INFOPLIST_KEY_UISupportedInterfaceOrientations_iPad = "UIInterfaceOrientationPortrait UIInterfaceOrientationPortraitUpsideDown UIInterfaceOrientationLandscapeLeft UIInterfaceOrientationLandscapeRight";
				INFOPLIST_KEY_UISupportedInterfaceOrientations_iPhone = "UIInterfaceOrientationPortrait UIInterfaceOrientationLandscapeLeft UIInterfaceOrientationLandscapeRight";
				LD_RUNPATH_SEARCH_PATHS = (
					"$(inherited)",
					"@executable_path/Frameworks",
				);
				MARKETING_VERSION = 1.0;
				PRODUCT_BUNDLE_IDENTIFIER = com.assignment.RealTimePriceTracker;
				PRODUCT_NAME = "$(TARGET_NAME)";
				SWIFT_EMIT_LOC_STRINGS = YES;
				SWIFT_VERSION = 5.0;
				TARGETED_DEVICE_FAMILY = "1,2";
			};
			name = Release;
		};
		468C00502ED63F88008DCBC6 /* Debug */ = {
			isa = XCBuildConfiguration;
			buildSettings = {
				BUNDLE_LOADER = "$(TEST_HOST)";
				CODE_SIGN_STYLE = Automatic;
				CURRENT_PROJECT_VERSION = 1;
				GENERATE_INFOPLIST_FILE = YES;
				IPHONEOS_DEPLOYMENT_TARGET = 18.5;
				MARKETING_VERSION = 1.0;
				PRODUCT_BUNDLE_IDENTIFIER = com.assignment.RealTimePriceTrackerTests;
				PRODUCT_NAME = "$(TARGET_NAME)";
				SWIFT_EMIT_LOC_STRINGS = NO;
				SWIFT_VERSION = 5.0;
				TARGETED_DEVICE_FAMILY = "1,2";
				TEST_HOST = "$(BUILT_PRODUCTS_DIR)/RealTimePriceTracker.app/$(BUNDLE_EXECUTABLE_FOLDER_PATH)/RealTimePriceTracker";
			};
			name = Debug;
		};
		468C00512ED63F88008DCBC6 /* Release */ = {
			isa = XCBuildConfiguration;
			buildSettings = {
				BUNDLE_LOADER = "$(TEST_HOST)";
				CODE_SIGN_STYLE = Automatic;
				CURRENT_PROJECT_VERSION = 1;
				GENERATE_INFOPLIST_FILE = YES;
				IPHONEOS_DEPLOYMENT_TARGET = 18.5;
				MARKETING_VERSION = 1.0;
				PRODUCT_BUNDLE_IDENTIFIER = com.assignment.RealTimePriceTrackerTests;
				PRODUCT_NAME = "$(TARGET_NAME)";
				SWIFT_EMIT_LOC_STRINGS = NO;
				SWIFT_VERSION = 5.0;
				TARGETED_DEVICE_FAMILY = "1,2";
				TEST_HOST = "$(BUILT_PRODUCTS_DIR)/RealTimePriceTracker.app/$(BUNDLE_EXECUTABLE_FOLDER_PATH)/RealTimePriceTracker";
			};
			name = Release;
		};
		468C00532ED63F88008DCBC6 /* Debug */ = {
			isa = XCBuildConfiguration;
			buildSettings = {
				CODE_SIGN_STYLE = Automatic;
				CURRENT_PROJECT_VERSION = 1;
				GENERATE_INFOPLIST_FILE = YES;
				MARKETING_VERSION = 1.0;
				PRODUCT_BUNDLE_IDENTIFIER = com.assignment.RealTimePriceTrackerUITests;
				PRODUCT_NAME = "$(TARGET_NAME)";
				SWIFT_EMIT_LOC_STRINGS = NO;
				SWIFT_VERSION = 5.0;
				TARGETED_DEVICE_FAMILY = "1,2";
				TEST_TARGET_NAME = RealTimePriceTracker;
			};
			name = Debug;
		};
		468C00542ED63F88008DCBC6 /* Release */ = {
			isa = XCBuildConfiguration;
			buildSettings = {
				CODE_SIGN_STYLE = Automatic;
				CURRENT_PROJECT_VERSION = 1;
				GENERATE_INFOPLIST_FILE = YES;
				MARKETING_VERSION = 1.0;
				PRODUCT_BUNDLE_IDENTIFIER = com.assignment.RealTimePriceTrackerUITests;
				PRODUCT_NAME = "$(TARGET_NAME)";
				SWIFT_EMIT_LOC_STRINGS = NO;
				SWIFT_VERSION = 5.0;
				TARGETED_DEVICE_FAMILY = "1,2";
				TEST_TARGET_NAME = RealTimePriceTracker;
			};
			name = Release;
		};
/* End XCBuildConfiguration section */

/* Begin XCConfigurationList section */
		468C00262ED63F87008DCBC6 /* Build configuration list for PBXProject "RealTimePriceTracker" */ = {
			isa = XCConfigurationList;
			buildConfigurations = (
				468C004A2ED63F88008DCBC6 /* Debug */,
				468C004B2ED63F88008DCBC6 /* Release */,
			);
			defaultConfigurationIsVisible = 0;
			defaultConfigurationName = Release;
		};
		468C004C2ED63F88008DCBC6 /* Build configuration list for PBXNativeTarget "RealTimePriceTracker" */ = {
			isa = XCConfigurationList;
			buildConfigurations = (
				468C004D2ED63F88008DCBC6 /* Debug */,
				468C004E2ED63F88008DCBC6 /* Release */,
			);
			defaultConfigurationIsVisible = 0;
			defaultConfigurationName = Release;
		};
		468C004F2ED63F88008DCBC6 /* Build configuration list for PBXNativeTarget "RealTimePriceTrackerTests" */ = {
			isa = XCConfigurationList;
			buildConfigurations = (
				468C00502ED63F88008DCBC6 /* Debug */,
				468C00512ED63F88008DCBC6 /* Release */,
			);
			defaultConfigurationIsVisible = 0;
			defaultConfigurationName = Release;
		};
		468C00522ED63F88008DCBC6 /* Build configuration list for PBXNativeTarget "RealTimePriceTrackerUITests" */ = {
			isa = XCConfigurationList;
			buildConfigurations = (
				468C00532ED63F88008DCBC6 /* Debug */,
				468C00542ED63F88008DCBC6 /* Release */,
			);
			defaultConfigurationIsVisible = 0;
			defaultConfigurationName = Release;
		};
/* End XCConfigurationList section */
	};
	rootObject = 468C00232ED63F87008DCBC6 /* Project object */;
}
